
Microsoft Visual Studio Solution File, Format Version 12.00
# Visual Studio Version 17
VisualStudioVersion = 17.1.32210.238
MinimumVisualStudioVersion = 10.0.40219.1
Project("{FAE04EC0-301F-11D3-BF4B-00C04F79EFBC}") = "SearchAlgorithm", "SearchAlgorithm\SearchAlgorithm.csproj", "{D09648F0-439E-43DD-93F1-950D667D8457}"
EndProject
Global
	GlobalSection(SolutionConfigurationPlatforms) = preSolution
		Debug|Any CPU = Debug|Any CPU
		Release|Any CPU = Release|Any CPU
	EndGlobalSection
	GlobalSection(ProjectConfigurationPlatforms) = postSolution
		{D09648F0-439E-43DD-93F1-950D667D8457}.Debug|Any CPU.ActiveCfg = Debug|Any CPU
		{D09648F0-439E-43DD-93F1-950D667D8457}.Debug|Any CPU.Build.0 = Debug|Any CPU
		{D09648F0-439E-43DD-93F1-950D667D8457}.Release|Any CPU.ActiveCfg = Release|Any CPU
		{D09648F0-439E-43DD-93F1-950D667D8457}.Release|Any CPU.Build.0 = Release|Any CPU
	EndGlobalSection
	GlobalSection(SolutionProperties) = preSolution
		HideSolutionNode = FALSE
	EndGlobalSection
	GlobalSection(ExtensibilityGlobals) = postSolution
		SolutionGuid = {9130F37B-6D3B-46CD-A81D-124D7C0A44AE}
	EndGlobalSection
EndGlobal
